
Microsoft Visual Studio Solution File, Format Version 12.00
# Visual Studio Version 16
VisualStudioVersion = 16.0.28711.60
MinimumVisualStudioVersion = 10.0.40219.1
Project("{2150E333-8FDC-42A3-9474-1A3956D46DE8}") = "src", "src", "{BB3FEC78-35B0-41B7-B03E-29E193C897FD}"
EndProject
Project("{2150E333-8FDC-42A3-9474-1A3956D46DE8}") = "Solution Items", "Solution Items", "{F2EF8436-CFA0-4646-8D0C-68B9CB689BA4}"
	ProjectSection(SolutionItems) = preProject
		appveyor.yml = appveyor.yml
		global.json = global.json
		README.md = README.md
	EndProjectSection
EndProject
Project("{2150E333-8FDC-42A3-9474-1A3956D46DE8}") = "test", "test", "{7451738D-7268-450E-BFEB-3B2DA27AA342}"
EndProject
Project("{9A19103F-16F7-4668-BE54-9A1E7A4F7556}") = "Portable.ConcurrentDictionary", "src\Portable.ConcurrentDictionary\Portable.ConcurrentDictionary.csproj", "{84C959D9-92F5-4A9E-B02A-3339D8F86374}"
EndProject
Project("{9A19103F-16F7-4668-BE54-9A1E7A4F7556}") = "Portable.ConcurrentDictionary.Tests", "test\Portable.ConcurrentDictionary.Tests\Portable.ConcurrentDictionary.Tests.csproj", "{BCAFFA42-38F5-4C2D-9C25-889D1BE946D5}"
EndProject
Global
	GlobalSection(SolutionConfigurationPlatforms) = preSolution
		Debug|Any CPU = Debug|Any CPU
		Debug|ARM = Debug|ARM
		Debug|x86 = Debug|x86
		Release|Any CPU = Release|Any CPU
		Release|ARM = Release|ARM
		Release|x86 = Release|x86
	EndGlobalSection
	GlobalSection(ProjectConfigurationPlatforms) = postSolution
		{84C959D9-92F5-4A9E-B02A-3339D8F86374}.Debug|Any CPU.ActiveCfg = Debug|Any CPU
		{84C959D9-92F5-4A9E-B02A-3339D8F86374}.Debug|Any CPU.Build.0 = Debug|Any CPU
		{84C959D9-92F5-4A9E-B02A-3339D8F86374}.Debug|ARM.ActiveCfg = Debug|Any CPU
		{84C959D9-92F5-4A9E-B02A-3339D8F86374}.Debug|ARM.Build.0 = Debug|Any CPU
		{84C959D9-92F5-4A9E-B02A-3339D8F86374}.Debug|x86.ActiveCfg = Debug|Any CPU
		{84C959D9-92F5-4A9E-B02A-3339D8F86374}.Debug|x86.Build.0 = Debug|Any CPU
		{84C959D9-92F5-4A9E-B02A-3339D8F86374}.Release|Any CPU.ActiveCfg = Release|Any CPU
		{84C959D9-92F5-4A9E-B02A-3339D8F86374}.Release|Any CPU.Build.0 = Release|Any CPU
		{84C959D9-92F5-4A9E-B02A-3339D8F86374}.Release|ARM.ActiveCfg = Release|Any CPU
		{84C959D9-92F5-4A9E-B02A-3339D8F86374}.Release|ARM.Build.0 = Release|Any CPU
		{84C959D9-92F5-4A9E-B02A-3339D8F86374}.Release|x86.ActiveCfg = Release|Any CPU
		{84C959D9-92F5-4A9E-B02A-3339D8F86374}.Release|x86.Build.0 = Release|Any CPU
		{BCAFFA42-38F5-4C2D-9C25-889D1BE946D5}.Debug|Any CPU.ActiveCfg = Debug|Any CPU
		{BCAFFA42-38F5-4C2D-9C25-889D1BE946D5}.Debug|Any CPU.Build.0 = Debug|Any CPU
		{BCAFFA42-38F5-4C2D-9C25-889D1BE946D5}.Debug|ARM.ActiveCfg = Debug|Any CPU
		{BCAFFA42-38F5-4C2D-9C25-889D1BE946D5}.Debug|ARM.Build.0 = Debug|Any CPU
		{BCAFFA42-38F5-4C2D-9C25-889D1BE946D5}.Debug|x86.ActiveCfg = Debug|Any CPU
		{BCAFFA42-38F5-4C2D-9C25-889D1BE946D5}.Debug|x86.Build.0 = Debug|Any CPU
		{BCAFFA42-38F5-4C2D-9C25-889D1BE946D5}.Release|Any CPU.ActiveCfg = Release|Any CPU
		{BCAFFA42-38F5-4C2D-9C25-889D1BE946D5}.Release|Any CPU.Build.0 = Release|Any CPU
		{BCAFFA42-38F5-4C2D-9C25-889D1BE946D5}.Release|ARM.ActiveCfg = Release|Any CPU
		{BCAFFA42-38F5-4C2D-9C25-889D1BE946D5}.Release|ARM.Build.0 = Release|Any CPU
		{BCAFFA42-38F5-4C2D-9C25-889D1BE946D5}.Release|x86.ActiveCfg = Release|Any CPU
		{BCAFFA42-38F5-4C2D-9C25-889D1BE946D5}.Release|x86.Build.0 = Release|Any CPU
	EndGlobalSection
	GlobalSection(SolutionProperties) = preSolution
		HideSolutionNode = FALSE
	EndGlobalSection
	GlobalSection(NestedProjects) = preSolution
		{84C959D9-92F5-4A9E-B02A-3339D8F86374} = {BB3FEC78-35B0-41B7-B03E-29E193C897FD}
		{BCAFFA42-38F5-4C2D-9C25-889D1BE946D5} = {7451738D-7268-450E-BFEB-3B2DA27AA342}
	EndGlobalSection
	GlobalSection(ExtensibilityGlobals) = postSolution
		SolutionGuid = {1723A875-B350-41C7-954C-571B8A703F70}
	EndGlobalSection
EndGlobal
